
Microsoft Visual Studio Solution File, Format Version 12.00
# Visual Studio Version 17
VisualStudioVersion = 17.8.34330.188
MinimumVisualStudioVersion = 10.0.40219.1
Project("{9A19103F-16F7-4668-BE54-9A1E7A4F7556}") = "LMS-WhizAcademySystem.Server", "LMS-WhizAcademySystem.Server\LMS-WhizAcademySystem.Server.csproj", "{42797128-9151-4FAB-B521-8E917B5920EA}"
EndProject
Project("{54A90642-561A-4BB1-A94E-469ADEE60C69}") = "lms-whizacademysystem.client", "lms-whizacademysystem.client\lms-whizacademysystem.client.esproj", "{6B3AA50D-3C24-44D0-954F-726A4AA48D99}"
EndProject
Project("{9A19103F-16F7-4668-BE54-9A1E7A4F7556}") = "LMS-WhizAcademySystem.Infrastructure", "LMS-WhizAcademySystem.Infrastructure\LMS-WhizAcademySystem.Infrastructure.csproj", "{E2F3C5C6-A21C-4D80-A843-3A23DB3E0ED8}"
EndProject
Project("{FAE04EC0-301F-11D3-BF4B-00C04F79EFBC}") = "LMS-WhizAcademySystem.Core", "LMS-WhizAcademySystem.Core\LMS-WhizAcademySystem.Core.csproj", "{87E49AD9-7856-43C4-8A30-7844F8B0AAFC}"
EndProject
Global
	GlobalSection(SolutionConfigurationPlatforms) = preSolution
		Debug|Any CPU = Debug|Any CPU
		Release|Any CPU = Release|Any CPU
	EndGlobalSection
	GlobalSection(ProjectConfigurationPlatforms) = postSolution
		{42797128-9151-4FAB-B521-8E917B5920EA}.Debug|Any CPU.ActiveCfg = Debug|Any CPU
		{42797128-9151-4FAB-B521-8E917B5920EA}.Debug|Any CPU.Build.0 = Debug|Any CPU
		{42797128-9151-4FAB-B521-8E917B5920EA}.Release|Any CPU.ActiveCfg = Release|Any CPU
		{42797128-9151-4FAB-B521-8E917B5920EA}.Release|Any CPU.Build.0 = Release|Any CPU
		{6B3AA50D-3C24-44D0-954F-726A4AA48D99}.Debug|Any CPU.ActiveCfg = Debug|Any CPU
		{6B3AA50D-3C24-44D0-954F-726A4AA48D99}.Debug|Any CPU.Build.0 = Debug|Any CPU
		{6B3AA50D-3C24-44D0-954F-726A4AA48D99}.Debug|Any CPU.Deploy.0 = Debug|Any CPU
		{6B3AA50D-3C24-44D0-954F-726A4AA48D99}.Release|Any CPU.ActiveCfg = Release|Any CPU
		{6B3AA50D-3C24-44D0-954F-726A4AA48D99}.Release|Any CPU.Build.0 = Release|Any CPU
		{6B3AA50D-3C24-44D0-954F-726A4AA48D99}.Release|Any CPU.Deploy.0 = Release|Any CPU
		{E2F3C5C6-A21C-4D80-A843-3A23DB3E0ED8}.Debug|Any CPU.ActiveCfg = Debug|Any CPU
		{E2F3C5C6-A21C-4D80-A843-3A23DB3E0ED8}.Debug|Any CPU.Build.0 = Debug|Any CPU
		{E2F3C5C6-A21C-4D80-A843-3A23DB3E0ED8}.Release|Any CPU.ActiveCfg = Release|Any CPU
		{E2F3C5C6-A21C-4D80-A843-3A23DB3E0ED8}.Release|Any CPU.Build.0 = Release|Any CPU
		{87E49AD9-7856-43C4-8A30-7844F8B0AAFC}.Debug|Any CPU.ActiveCfg = Debug|Any CPU
		{87E49AD9-7856-43C4-8A30-7844F8B0AAFC}.Debug|Any CPU.Build.0 = Debug|Any CPU
		{87E49AD9-7856-43C4-8A30-7844F8B0AAFC}.Release|Any CPU.ActiveCfg = Release|Any CPU
		{87E49AD9-7856-43C4-8A30-7844F8B0AAFC}.Release|Any CPU.Build.0 = Release|Any CPU
	EndGlobalSection
	GlobalSection(SolutionProperties) = preSolution
		HideSolutionNode = FALSE
	EndGlobalSection
	GlobalSection(ExtensibilityGlobals) = postSolution
		SolutionGuid = {80191700-390B-4780-9805-CE104B11A321}
	EndGlobalSection
EndGlobal
